# This file is automatically @generated by Cargo.
# It is not intended for manual editing.
version = 4

[[package]]
name = "originweave-core"
version = "0.1.0"

[[package]]
name = "originweave-evidence"
version = "0.1.0"
dependencies = [
 "originweave-core",
]

[[package]]
name = "originweave-policy"
version = "0.1.0"
dependencies = [
 "originweave-core",
]

[[package]]
name = "originweave-resource"
version = "0.1.0"
